{
  "name": "community",
  "version": "0.0.1",
  "lockfileVersion": 1,
  "requires": true,
  "dependencies": {
    "marked": {
      "version": "0.3.16",
      "resolved": "http://registry.npm.taobao.org/marked/download/marked-0.3.16.tgz",
      "integrity": "sha1-LxiLffz6ZUD+mUCtrw87eRyaXLo="
    }
  }
}
